
Microsoft Visual Studio Solution File, Format Version 12.00
# Visual Studio Version 16
VisualStudioVersion = 16.0.31624.102
MinimumVisualStudioVersion = 10.0.40219.1
Project("{FAE04EC0-301F-11D3-BF4B-00C04F79EFBC}") = "Tarea2_RegistroEstudiantes_RolesWPF", "Tarea2_RegistroEstudiantes_RolesWPF.csproj", "{FDEF050B-4BA4-49B0-BC3C-AA580292612F}"
EndProject
Global
	GlobalSection(SolutionConfigurationPlatforms) = preSolution
		Debug|Any CPU = Debug|Any CPU
		Release|Any CPU = Release|Any CPU
	EndGlobalSection
	GlobalSection(ProjectConfigurationPlatforms) = postSolution
		{FDEF050B-4BA4-49B0-BC3C-AA580292612F}.Debug|Any CPU.ActiveCfg = Debug|Any CPU
		{FDEF050B-4BA4-49B0-BC3C-AA580292612F}.Debug|Any CPU.Build.0 = Debug|Any CPU
		{FDEF050B-4BA4-49B0-BC3C-AA580292612F}.Release|Any CPU.ActiveCfg = Release|Any CPU
		{FDEF050B-4BA4-49B0-BC3C-AA580292612F}.Release|Any CPU.Build.0 = Release|Any CPU
	EndGlobalSection
	GlobalSection(SolutionProperties) = preSolution
		HideSolutionNode = FALSE
	EndGlobalSection
	GlobalSection(ExtensibilityGlobals) = postSolution
		SolutionGuid = {72E5BA5E-E0A0-4798-80FA-2EEBA3900CFB}
	EndGlobalSection
EndGlobal
